
Microsoft Visual Studio Solution File, Format Version 12.00
# Visual Studio Version 17
VisualStudioVersion = 17.1.31903.286
MinimumVisualStudioVersion = 10.0.40219.1
Project("{9A19103F-16F7-4668-BE54-9A1E7A4F7556}") = "Authorization.Core", "Authorization.Core\Authorization.Core.csproj", "{84D1272E-7606-4D68-B45D-0DE99869985A}"
EndProject
Project("{2150E333-8FDC-42A3-9474-1A3956D46DE8}") = "Solution Items", "Solution Items", "{F6AEEA8D-84AB-48C4-8F2B-CD140ECCFB1D}"
	ProjectSection(SolutionItems) = preProject
		README.md = README.md
	EndProjectSection
EndProject
Project("{9A19103F-16F7-4668-BE54-9A1E7A4F7556}") = "Authorization.Core.Tests", "Authorization.Core.Tests\Authorization.Core.Tests.csproj", "{8DD47819-7A46-4652-A4D5-D32E7A0DAC99}"
EndProject
Project("{9A19103F-16F7-4668-BE54-9A1E7A4F7556}") = "Authorization.Core.UI", "Authorization.Core.UI\Authorization.Core.UI.csproj", "{FB8063D9-B53B-4A12-BF7D-66E7F5BAF695}"
EndProject
Project("{9A19103F-16F7-4668-BE54-9A1E7A4F7556}") = "Authorization.Core.UI.Test.Web", "Authorization.Core.UI.Test.Web\Authorization.Core.UI.Test.Web.csproj", "{0D0281E1-8115-4B74-9DEC-739D85AD1720}"
EndProject
Project("{9A19103F-16F7-4668-BE54-9A1E7A4F7556}") = "Authorization.Core.UI.Tests", "Authorization.Core.UI.Tests\Authorization.Core.UI.Tests.csproj", "{8B662D41-F811-44C0-8A05-8DE849B1249F}"
EndProject
Project("{2150E333-8FDC-42A3-9474-1A3956D46DE8}") = ".assets", ".assets", "{FA413BEC-27EE-4E32-AF25-54DB50BE0859}"
	ProjectSection(SolutionItems) = preProject
		assets\icon.png = assets\icon.png
		assets\Role-Create-Page.png = assets\Role-Create-Page.png
		assets\Role-Delete-Page.png = assets\Role-Delete-Page.png
		assets\Role-Details-Page.png = assets\Role-Details-Page.png
		assets\Role-Edit-Page.png = assets\Role-Edit-Page.png
		assets\Role-Management-Page.png = assets\Role-Management-Page.png
		assets\User-Create-Page.png = assets\User-Create-Page.png
		assets\User-Delete-Page.png = assets\User-Delete-Page.png
		assets\User-Details-Page.png = assets\User-Details-Page.png
		assets\User-Edit-Page.png = assets\User-Edit-Page.png
		assets\User-Management-Page.png = assets\User-Management-Page.png
	EndProjectSection
EndProject
Project("{2150E333-8FDC-42A3-9474-1A3956D46DE8}") = "docs", "docs", "{317DF210-7B4D-4AE6-980B-C832EB0BED05}"
	ProjectSection(SolutionItems) = preProject
		docs\Configure-Core-Roles-and-Users.md = docs\Configure-Core-Roles-and-Users.md
		docs\Configure-UI-Roles-and-Users.md = docs\Configure-UI-Roles-and-Users.md
		docs\Enforcing-Authorization.md = docs\Enforcing-Authorization.md
		docs\Install-Core-Package.md = docs\Install-Core-Package.md
		docs\Install-UI-Package.md = docs\Install-UI-Package.md
		docs\UI-Role-Management-Page.md = docs\UI-Role-Management-Page.md
		docs\UI-User-Management-Page.md = docs\UI-User-Management-Page.md
	EndProjectSection
EndProject
Project("{FAE04EC0-301F-11D3-BF4B-00C04F79EFBC}") = "Authorization.Core.UI.Tests.Integration", "Authorization.Core.UI.Tests.Integration\Authorization.Core.UI.Tests.Integration.csproj", "{7E849D0F-3F73-43CD-9F5E-40BD1C398887}"
EndProject
Global
	GlobalSection(SolutionConfigurationPlatforms) = preSolution
		Debug|Any CPU = Debug|Any CPU
		Release|Any CPU = Release|Any CPU
	EndGlobalSection
	GlobalSection(ProjectConfigurationPlatforms) = postSolution
		{84D1272E-7606-4D68-B45D-0DE99869985A}.Debug|Any CPU.ActiveCfg = Debug|Any CPU
		{84D1272E-7606-4D68-B45D-0DE99869985A}.Debug|Any CPU.Build.0 = Debug|Any CPU
		{84D1272E-7606-4D68-B45D-0DE99869985A}.Release|Any CPU.ActiveCfg = Release|Any CPU
		{84D1272E-7606-4D68-B45D-0DE99869985A}.Release|Any CPU.Build.0 = Release|Any CPU
		{8DD47819-7A46-4652-A4D5-D32E7A0DAC99}.Debug|Any CPU.ActiveCfg = Debug|Any CPU
		{8DD47819-7A46-4652-A4D5-D32E7A0DAC99}.Debug|Any CPU.Build.0 = Debug|Any CPU
		{8DD47819-7A46-4652-A4D5-D32E7A0DAC99}.Release|Any CPU.ActiveCfg = Release|Any CPU
		{8DD47819-7A46-4652-A4D5-D32E7A0DAC99}.Release|Any CPU.Build.0 = Release|Any CPU
		{FB8063D9-B53B-4A12-BF7D-66E7F5BAF695}.Debug|Any CPU.ActiveCfg = Debug|Any CPU
		{FB8063D9-B53B-4A12-BF7D-66E7F5BAF695}.Debug|Any CPU.Build.0 = Debug|Any CPU
		{FB8063D9-B53B-4A12-BF7D-66E7F5BAF695}.Release|Any CPU.ActiveCfg = Release|Any CPU
		{FB8063D9-B53B-4A12-BF7D-66E7F5BAF695}.Release|Any CPU.Build.0 = Release|Any CPU
		{0D0281E1-8115-4B74-9DEC-739D85AD1720}.Debug|Any CPU.ActiveCfg = Debug|Any CPU
		{0D0281E1-8115-4B74-9DEC-739D85AD1720}.Debug|Any CPU.Build.0 = Debug|Any CPU
		{0D0281E1-8115-4B74-9DEC-739D85AD1720}.Release|Any CPU.ActiveCfg = Release|Any CPU
		{0D0281E1-8115-4B74-9DEC-739D85AD1720}.Release|Any CPU.Build.0 = Release|Any CPU
		{8B662D41-F811-44C0-8A05-8DE849B1249F}.Debug|Any CPU.ActiveCfg = Debug|Any CPU
		{8B662D41-F811-44C0-8A05-8DE849B1249F}.Debug|Any CPU.Build.0 = Debug|Any CPU
		{8B662D41-F811-44C0-8A05-8DE849B1249F}.Release|Any CPU.ActiveCfg = Release|Any CPU
		{8B662D41-F811-44C0-8A05-8DE849B1249F}.Release|Any CPU.Build.0 = Release|Any CPU
		{7E849D0F-3F73-43CD-9F5E-40BD1C398887}.Debug|Any CPU.ActiveCfg = Debug|Any CPU
		{7E849D0F-3F73-43CD-9F5E-40BD1C398887}.Debug|Any CPU.Build.0 = Debug|Any CPU
		{7E849D0F-3F73-43CD-9F5E-40BD1C398887}.Release|Any CPU.ActiveCfg = Release|Any CPU
		{7E849D0F-3F73-43CD-9F5E-40BD1C398887}.Release|Any CPU.Build.0 = Release|Any CPU
	EndGlobalSection
	GlobalSection(SolutionProperties) = preSolution
		HideSolutionNode = FALSE
	EndGlobalSection
	GlobalSection(NestedProjects) = preSolution
		{FA413BEC-27EE-4E32-AF25-54DB50BE0859} = {F6AEEA8D-84AB-48C4-8F2B-CD140ECCFB1D}
		{317DF210-7B4D-4AE6-980B-C832EB0BED05} = {F6AEEA8D-84AB-48C4-8F2B-CD140ECCFB1D}
	EndGlobalSection
	GlobalSection(ExtensibilityGlobals) = postSolution
		SolutionGuid = {8EEEE8EE-B2B2-43B4-9814-87DE79EED7D8}
	EndGlobalSection
EndGlobal
